// !$*UTF8*$!
{
	archiveVersion = 1;
	classes = {
	};
	objectVersion = 46;
	objects = {

/* Begin PBXBuildFile section */
		4D9C555E1A1E2CA400A13222 /* CollectionViewController.swift in Sources */ = {isa = PBXBuildFile; fileRef = 4D9C555D1A1E2CA400A13222 /* CollectionViewController.swift */; };
		4D9C55601A1E2D6E00A13222 /* CollectionViewCell.swift in Sources */ = {isa = PBXBuildFile; fileRef = 4D9C555F1A1E2D6E00A13222 /* CollectionViewCell.swift */; };
		4D9CAA131A1A21060042F402 /* AppDelegate.swift in Sources */ = {isa = PBXBuildFile; fileRef = 4D9CAA121A1A21060042F402 /* AppDelegate.swift */; };
		4D9CAA1A1A1A21060042F402 /* Images.xcassets in Resources */ = {isa = PBXBuildFile; fileRef = 4D9CAA191A1A21060042F402 /* Images.xcassets */; };
		4D9CAA1D1A1A21060042F402 /* LaunchScreen.xib in Resources */ = {isa = PBXBuildFile; fileRef = 4D9CAA1B1A1A21060042F402 /* LaunchScreen.xib */; };
		4D9CAA341A1A21910042F402 /* Deferred.swift in Sources */ = {isa = PBXBuildFile; fileRef = 4D9CAA331A1A21910042F402 /* Deferred.swift */; };
		4D9CAA361A1A2E200042F402 /* DeferredState.swift in Sources */ = {isa = PBXBuildFile; fileRef = 4D9CAA351A1A2E200042F402 /* DeferredState.swift */; };
		4D9CAA381A1A2E570042F402 /* ChainResult.swift in Sources */ = {isa = PBXBuildFile; fileRef = 4D9CAA371A1A2E570042F402 /* ChainResult.swift */; };
		4D9CAA3A1A1A2F060042F402 /* Deferred+NSURLRequest.swift in Sources */ = {isa = PBXBuildFile; fileRef = 4D9CAA391A1A2F060042F402 /* Deferred+NSURLRequest.swift */; };
		4D9CAA3C1A1A30210042F402 /* Deferred+Async.swift in Sources */ = {isa = PBXBuildFile; fileRef = 4D9CAA3B1A1A30210042F402 /* Deferred+Async.swift */; };
		586030AB0F5BA2C363712D99 /* DeferredState.swift in Sources */ = {isa = PBXBuildFile; fileRef = 4D9CAA351A1A2E200042F402 /* DeferredState.swift */; };
		586031A25161CC73421E7C42 /* Box.swift in Sources */ = {isa = PBXBuildFile; fileRef = 58603AD93B3278D7398B2F49 /* Box.swift */; };
		586032E20D548478B5AEE463 /* StringArrayViewer.swift in Sources */ = {isa = PBXBuildFile; fileRef = 5860316345D58C078A3CA954 /* StringArrayViewer.swift */; };
		5860338101676A73DA5E309A /* NSURLRequest+Deferred.swift in Sources */ = {isa = PBXBuildFile; fileRef = 58603797807870A221FB36E5 /* NSURLRequest+Deferred.swift */; };
		586033A4227682EC6100173A /* UrlsList.swift in Sources */ = {isa = PBXBuildFile; fileRef = 586031C89603FDC9F8714CE3 /* UrlsList.swift */; };
		586034ED07527D4B554C3905 /* ImageLoader.swift in Sources */ = {isa = PBXBuildFile; fileRef = 58603A5212889EE76F09243C /* ImageLoader.swift */; };
		5860353AA20BC980501F694F /* Deferred+Async.swift in Sources */ = {isa = PBXBuildFile; fileRef = 4D9CAA3B1A1A30210042F402 /* Deferred+Async.swift */; };
		5860361D898B19C36AE295EF /* NSURLRequest+Deferred.swift in Sources */ = {isa = PBXBuildFile; fileRef = 58603797807870A221FB36E5 /* NSURLRequest+Deferred.swift */; };
		586036D1C744A3EE53250561 /* Deferred.swift in Sources */ = {isa = PBXBuildFile; fileRef = 4D9CAA331A1A21910042F402 /* Deferred.swift */; };
		58603B271B2E93304DD65256 /* ErrorConstants.swift in Sources */ = {isa = PBXBuildFile; fileRef = 586033113B1C0F8E692865AA /* ErrorConstants.swift */; };
		58603D23988205538CB4EAF8 /* Box.swift in Sources */ = {isa = PBXBuildFile; fileRef = 58603AD93B3278D7398B2F49 /* Box.swift */; };
		58603DBA682206EAC117B7E9 /* ChainResult.swift in Sources */ = {isa = PBXBuildFile; fileRef = 4D9CAA371A1A2E570042F402 /* ChainResult.swift */; };
		58603F04080520290DC13529 /* ImageHelpers.swift in Sources */ = {isa = PBXBuildFile; fileRef = 5860393BF65AAC0C8C4E70C5 /* ImageHelpers.swift */; };
		58603FC93000D8A9A74F7A6A /* Deferred+NSURLRequest.swift in Sources */ = {isa = PBXBuildFile; fileRef = 4D9CAA391A1A2F060042F402 /* Deferred+NSURLRequest.swift */; };
		58603FFC8B9CC55BFFC9D7E6 /* DeferredTests.swift in Sources */ = {isa = PBXBuildFile; fileRef = 5860336F5F39F0387429E611 /* DeferredTests.swift */; };
/* End PBXBuildFile section */

/* Begin PBXContainerItemProxy section */
		4D9CAA231A1A21060042F402 /* PBXContainerItemProxy */ = {
			isa = PBXContainerItemProxy;
			containerPortal = 4D9CAA051A1A21060042F402 /* Project object */;
			proxyType = 1;
			remoteGlobalIDString = 4D9CAA0C1A1A21060042F402;
			remoteInfo = DeferredExample;
		};
/* End PBXContainerItemProxy section */

/* Begin PBXFileReference section */
		4D9C555D1A1E2CA400A13222 /* CollectionViewController.swift */ = {isa = PBXFileReference; fileEncoding = 4; lastKnownFileType = sourcecode.swift; path = CollectionViewController.swift; sourceTree = "<group>"; };
		4D9C555F1A1E2D6E00A13222 /* CollectionViewCell.swift */ = {isa = PBXFileReference; fileEncoding = 4; lastKnownFileType = sourcecode.swift; path = CollectionViewCell.swift; sourceTree = "<group>"; };
		4D9CAA0D1A1A21060042F402 /* DeferredExample.app */ = {isa = PBXFileReference; explicitFileType = wrapper.application; includeInIndex = 0; path = DeferredExample.app; sourceTree = BUILT_PRODUCTS_DIR; };
		4D9CAA111A1A21060042F402 /* Info.plist */ = {isa = PBXFileReference; lastKnownFileType = text.plist.xml; path = Info.plist; sourceTree = "<group>"; };
		4D9CAA121A1A21060042F402 /* AppDelegate.swift */ = {isa = PBXFileReference; lastKnownFileType = sourcecode.swift; path = AppDelegate.swift; sourceTree = "<group>"; };
		4D9CAA191A1A21060042F402 /* Images.xcassets */ = {isa = PBXFileReference; lastKnownFileType = folder.assetcatalog; path = Images.xcassets; sourceTree = "<group>"; };
		4D9CAA1C1A1A21060042F402 /* Base */ = {isa = PBXFileReference; lastKnownFileType = file.xib; name = Base; path = Base.lproj/LaunchScreen.xib; sourceTree = "<group>"; };
		4D9CAA221A1A21060042F402 /* DeferredExampleTests.xctest */ = {isa = PBXFileReference; explicitFileType = wrapper.cfbundle; includeInIndex = 0; path = DeferredExampleTests.xctest; sourceTree = BUILT_PRODUCTS_DIR; };
		4D9CAA271A1A21060042F402 /* Info.plist */ = {isa = PBXFileReference; lastKnownFileType = text.plist.xml; path = Info.plist; sourceTree = "<group>"; };
		4D9CAA331A1A21910042F402 /* Deferred.swift */ = {isa = PBXFileReference; fileEncoding = 4; lastKnownFileType = sourcecode.swift; path = Deferred.swift; sourceTree = "<group>"; };
		4D9CAA351A1A2E200042F402 /* DeferredState.swift */ = {isa = PBXFileReference; fileEncoding = 4; lastKnownFileType = sourcecode.swift; path = DeferredState.swift; sourceTree = "<group>"; };
		4D9CAA371A1A2E570042F402 /* ChainResult.swift */ = {isa = PBXFileReference; fileEncoding = 4; lastKnownFileType = sourcecode.swift; path = ChainResult.swift; sourceTree = "<group>"; };
		4D9CAA391A1A2F060042F402 /* Deferred+NSURLRequest.swift */ = {isa = PBXFileReference; fileEncoding = 4; lastKnownFileType = sourcecode.swift; path = "Deferred+NSURLRequest.swift"; sourceTree = "<group>"; };
		4D9CAA3B1A1A30210042F402 /* Deferred+Async.swift */ = {isa = PBXFileReference; fileEncoding = 4; lastKnownFileType = sourcecode.swift; path = "Deferred+Async.swift"; sourceTree = "<group>"; };
		5860316345D58C078A3CA954 /* StringArrayViewer.swift */ = {isa = PBXFileReference; fileEncoding = 4; lastKnownFileType = sourcecode.swift; path = StringArrayViewer.swift; sourceTree = "<group>"; };
		586031C89603FDC9F8714CE3 /* UrlsList.swift */ = {isa = PBXFileReference; fileEncoding = 4; lastKnownFileType = sourcecode.swift; path = UrlsList.swift; sourceTree = "<group>"; };
		586033113B1C0F8E692865AA /* ErrorConstants.swift */ = {isa = PBXFileReference; fileEncoding = 4; lastKnownFileType = sourcecode.swift; path = ErrorConstants.swift; sourceTree = "<group>"; };
		5860336F5F39F0387429E611 /* DeferredTests.swift */ = {isa = PBXFileReference; fileEncoding = 4; lastKnownFileType = sourcecode.swift; path = DeferredTests.swift; sourceTree = "<group>"; };
		58603797807870A221FB36E5 /* NSURLRequest+Deferred.swift */ = {isa = PBXFileReference; fileEncoding = 4; lastKnownFileType = sourcecode.swift; path = "NSURLRequest+Deferred.swift"; sourceTree = "<group>"; };
		5860393BF65AAC0C8C4E70C5 /* ImageHelpers.swift */ = {isa = PBXFileReference; fileEncoding = 4; lastKnownFileType = sourcecode.swift; path = ImageHelpers.swift; sourceTree = "<group>"; };
		58603A5212889EE76F09243C /* ImageLoader.swift */ = {isa = PBXFileReference; fileEncoding = 4; lastKnownFileType = sourcecode.swift; path = ImageLoader.swift; sourceTree = "<group>"; };
		58603AD93B3278D7398B2F49 /* Box.swift */ = {isa = PBXFileReference; fileEncoding = 4; lastKnownFileType = sourcecode.swift; path = Box.swift; sourceTree = "<group>"; };
/* End PBXFileReference section */

/* Begin PBXFrameworksBuildPhase section */
		4D9CAA0A1A1A21060042F402 /* Frameworks */ = {
			isa = PBXFrameworksBuildPhase;
			buildActionMask = 2147483647;
			files = (
			);
			runOnlyForDeploymentPostprocessing = 0;
		};
		4D9CAA1F1A1A21060042F402 /* Frameworks */ = {
			isa = PBXFrameworksBuildPhase;
			buildActionMask = 2147483647;
			files = (
			);
			runOnlyForDeploymentPostprocessing = 0;
		};
/* End PBXFrameworksBuildPhase section */

/* Begin PBXGroup section */
		4D9CAA041A1A21060042F402 = {
			isa = PBXGroup;
			children = (
				4D9CAA321A1A21910042F402 /* Deferred */,
				4D9CAA0F1A1A21060042F402 /* DeferredExample */,
				4D9CAA251A1A21060042F402 /* DeferredExampleTests */,
				4D9CAA0E1A1A21060042F402 /* Products */,
			);
			sourceTree = "<group>";
		};
		4D9CAA0E1A1A21060042F402 /* Products */ = {
			isa = PBXGroup;
			children = (
				4D9CAA0D1A1A21060042F402 /* DeferredExample.app */,
				4D9CAA221A1A21060042F402 /* DeferredExampleTests.xctest */,
			);
			name = Products;
			sourceTree = "<group>";
		};
		4D9CAA0F1A1A21060042F402 /* DeferredExample */ = {
			isa = PBXGroup;
			children = (
				4D9CAA121A1A21060042F402 /* AppDelegate.swift */,
				4D9C555D1A1E2CA400A13222 /* CollectionViewController.swift */,
				4D9C555F1A1E2D6E00A13222 /* CollectionViewCell.swift */,
				4D9CAA191A1A21060042F402 /* Images.xcassets */,
				4D9CAA1B1A1A21060042F402 /* LaunchScreen.xib */,
				4D9CAA101A1A21060042F402 /* Supporting Files */,
				58603DDD2B33B822DE34F605 /* Model */,
			);
			path = DeferredExample;
			sourceTree = "<group>";
		};
		4D9CAA101A1A21060042F402 /* Supporting Files */ = {
			isa = PBXGroup;
			children = (
				4D9CAA111A1A21060042F402 /* Info.plist */,
			);
			name = "Supporting Files";
			sourceTree = "<group>";
		};
		4D9CAA251A1A21060042F402 /* DeferredExampleTests */ = {
			isa = PBXGroup;
			children = (
				4D9CAA261A1A21060042F402 /* Supporting Files */,
				5860336F5F39F0387429E611 /* DeferredTests.swift */,
			);
			path = DeferredExampleTests;
			sourceTree = "<group>";
		};
		4D9CAA261A1A21060042F402 /* Supporting Files */ = {
			isa = PBXGroup;
			children = (
				4D9CAA271A1A21060042F402 /* Info.plist */,
			);
			name = "Supporting Files";
			sourceTree = "<group>";
		};
		4D9CAA321A1A21910042F402 /* Deferred */ = {
			isa = PBXGroup;
			children = (
				4D9CAA331A1A21910042F402 /* Deferred.swift */,
				4D9CAA351A1A2E200042F402 /* DeferredState.swift */,
				4D9CAA371A1A2E570042F402 /* ChainResult.swift */,
				4D9CAA391A1A2F060042F402 /* Deferred+NSURLRequest.swift */,
				4D9CAA3B1A1A30210042F402 /* Deferred+Async.swift */,
				58603AD93B3278D7398B2F49 /* Box.swift */,
				58603797807870A221FB36E5 /* NSURLRequest+Deferred.swift */,
			);
			name = Deferred;
			path = ../Deferred;
			sourceTree = "<group>";
		};
		58603DDD2B33B822DE34F605 /* Model */ = {
			isa = PBXGroup;
			children = (
				586033113B1C0F8E692865AA /* ErrorConstants.swift */,
				58603A5212889EE76F09243C /* ImageLoader.swift */,
				5860393BF65AAC0C8C4E70C5 /* ImageHelpers.swift */,
				586031C89603FDC9F8714CE3 /* UrlsList.swift */,
				5860316345D58C078A3CA954 /* StringArrayViewer.swift */,
			);
			path = Model;
			sourceTree = "<group>";
		};
/* End PBXGroup section */

/* Begin PBXNativeTarget section */
		4D9CAA0C1A1A21060042F402 /* DeferredExample */ = {
			isa = PBXNativeTarget;
			buildConfigurationList = 4D9CAA2C1A1A21060042F402 /* Build configuration list for PBXNativeTarget "DeferredExample" */;
			buildPhases = (
				4D9CAA091A1A21060042F402 /* Sources */,
				4D9CAA0A1A1A21060042F402 /* Frameworks */,
				4D9CAA0B1A1A21060042F402 /* Resources */,
			);
			buildRules = (
			);
			dependencies = (
			);
			name = DeferredExample;
			productName = DeferredExample;
			productReference = 4D9CAA0D1A1A21060042F402 /* DeferredExample.app */;
			productType = "com.apple.product-type.application";
		};
		4D9CAA211A1A21060042F402 /* DeferredExampleTests */ = {
			isa = PBXNativeTarget;
			buildConfigurationList = 4D9CAA2F1A1A21060042F402 /* Build configuration list for PBXNativeTarget "DeferredExampleTests" */;
			buildPhases = (
				4D9CAA1E1A1A21060042F402 /* Sources */,
				4D9CAA1F1A1A21060042F402 /* Frameworks */,
				4D9CAA201A1A21060042F402 /* Resources */,
			);
			buildRules = (
			);
			dependencies = (
				4D9CAA241A1A21060042F402 /* PBXTargetDependency */,
			);
			name = DeferredExampleTests;
			productName = DeferredExampleTests;
			productReference = 4D9CAA221A1A21060042F402 /* DeferredExampleTests.xctest */;
			productType = "com.apple.product-type.bundle.unit-test";
		};
/* End PBXNativeTarget section */

/* Begin PBXProject section */
		4D9CAA051A1A21060042F402 /* Project object */ = {
			isa = PBXProject;
			attributes = {
				LastUpgradeCheck = 0610;
				ORGANIZATIONNAME = "Mark Pervovskiy";
				TargetAttributes = {
					4D9CAA0C1A1A21060042F402 = {
						CreatedOnToolsVersion = 6.1;
					};
					4D9CAA211A1A21060042F402 = {
						CreatedOnToolsVersion = 6.1;
						TestTargetID = 4D9CAA0C1A1A21060042F402;
					};
				};
			};
			buildConfigurationList = 4D9CAA081A1A21060042F402 /* Build configuration list for PBXProject "DeferredExample" */;
			compatibilityVersion = "Xcode 3.2";
			developmentRegion = English;
			hasScannedForEncodings = 0;
			knownRegions = (
				en,
				Base,
			);
			mainGroup = 4D9CAA041A1A21060042F402;
			productRefGroup = 4D9CAA0E1A1A21060042F402 /* Products */;
			projectDirPath = "";
			projectRoot = "";
			targets = (
				4D9CAA0C1A1A21060042F402 /* DeferredExample */,
				4D9CAA211A1A21060042F402 /* DeferredExampleTests */,
			);
		};
/* End PBXProject section */

/* Begin PBXResourcesBuildPhase section */
		4D9CAA0B1A1A21060042F402 /* Resources */ = {
			isa = PBXResourcesBuildPhase;
			buildActionMask = 2147483647;
			files = (
				4D9CAA1D1A1A21060042F402 /* LaunchScreen.xib in Resources */,
				4D9CAA1A1A1A21060042F402 /* Images.xcassets in Resources */,
			);
			runOnlyForDeploymentPostprocessing = 0;
		};
		4D9CAA201A1A21060042F402 /* Resources */ = {
			isa = PBXResourcesBuildPhase;
			buildActionMask = 2147483647;
			files = (
			);
			runOnlyForDeploymentPostprocessing = 0;
		};
/* End PBXResourcesBuildPhase section */

/* Begin PBXSourcesBuildPhase section */
		4D9CAA091A1A21060042F402 /* Sources */ = {
			isa = PBXSourcesBuildPhase;
			buildActionMask = 2147483647;
			files = (
				4D9CAA361A1A2E200042F402 /* DeferredState.swift in Sources */,
				4D9CAA3C1A1A30210042F402 /* Deferred+Async.swift in Sources */,
				4D9C55601A1E2D6E00A13222 /* CollectionViewCell.swift in Sources */,
				4D9CAA341A1A21910042F402 /* Deferred.swift in Sources */,
				4D9C555E1A1E2CA400A13222 /* CollectionViewController.swift in Sources */,
				4D9CAA131A1A21060042F402 /* AppDelegate.swift in Sources */,
				4D9CAA381A1A2E570042F402 /* ChainResult.swift in Sources */,
				4D9CAA3A1A1A2F060042F402 /* Deferred+NSURLRequest.swift in Sources */,
				586031A25161CC73421E7C42 /* Box.swift in Sources */,
				5860338101676A73DA5E309A /* NSURLRequest+Deferred.swift in Sources */,
				58603B271B2E93304DD65256 /* ErrorConstants.swift in Sources */,
				586034ED07527D4B554C3905 /* ImageLoader.swift in Sources */,
				58603F04080520290DC13529 /* ImageHelpers.swift in Sources */,
				586033A4227682EC6100173A /* UrlsList.swift in Sources */,
				586032E20D548478B5AEE463 /* StringArrayViewer.swift in Sources */,
			);
			runOnlyForDeploymentPostprocessing = 0;
		};
		4D9CAA1E1A1A21060042F402 /* Sources */ = {
			isa = PBXSourcesBuildPhase;
			buildActionMask = 2147483647;
			files = (
				58603FFC8B9CC55BFFC9D7E6 /* DeferredTests.swift in Sources */,
				586036D1C744A3EE53250561 /* Deferred.swift in Sources */,
				586030AB0F5BA2C363712D99 /* DeferredState.swift in Sources */,
				58603DBA682206EAC117B7E9 /* ChainResult.swift in Sources */,
				5860361D898B19C36AE295EF /* NSURLRequest+Deferred.swift in Sources */,
				58603FC93000D8A9A74F7A6A /* Deferred+NSURLRequest.swift in Sources */,
				5860353AA20BC980501F694F /* Deferred+Async.swift in Sources */,
				58603D23988205538CB4EAF8 /* Box.swift in Sources */,
			);
			runOnlyForDeploymentPostprocessing = 0;
		};
/* End PBXSourcesBuildPhase section */

/* Begin PBXTargetDependency section */
		4D9CAA241A1A21060042F402 /* PBXTargetDependency */ = {
			isa = PBXTargetDependency;
			target = 4D9CAA0C1A1A21060042F402 /* DeferredExample */;
			targetProxy = 4D9CAA231A1A21060042F402 /* PBXContainerItemProxy */;
		};
/* End PBXTargetDependency section */

/* Begin PBXVariantGroup section */
		4D9CAA1B1A1A21060042F402 /* LaunchScreen.xib */ = {
			isa = PBXVariantGroup;
			children = (
				4D9CAA1C1A1A21060042F402 /* Base */,
			);
			name = LaunchScreen.xib;
			sourceTree = "<group>";
		};
/* End PBXVariantGroup section */

/* Begin XCBuildConfiguration section */
		4D9CAA2A1A1A21060042F402 /* Debug */ = {
			isa = XCBuildConfiguration;
			buildSettings = {
				ALWAYS_SEARCH_USER_PATHS = NO;
				CLANG_CXX_LANGUAGE_STANDARD = "gnu++0x";
				CLANG_CXX_LIBRARY = "libc++";
				CLANG_ENABLE_MODULES = YES;
				CLANG_ENABLE_OBJC_ARC = YES;
				CLANG_WARN_BOOL_CONVERSION = YES;
				CLANG_WARN_CONSTANT_CONVERSION = YES;
				CLANG_WARN_DIRECT_OBJC_ISA_USAGE = YES_ERROR;
				CLANG_WARN_EMPTY_BODY = YES;
				CLANG_WARN_ENUM_CONVERSION = YES;
				CLANG_WARN_INT_CONVERSION = YES;
				CLANG_WARN_OBJC_ROOT_CLASS = YES_ERROR;
				CLANG_WARN_UNREACHABLE_CODE = YES;
				CLANG_WARN__DUPLICATE_METHOD_MATCH = YES;
				"CODE_SIGN_IDENTITY[sdk=iphoneos*]" = "iPhone Developer";
				COPY_PHASE_STRIP = NO;
				ENABLE_STRICT_OBJC_MSGSEND = YES;
				GCC_C_LANGUAGE_STANDARD = gnu99;
				GCC_DYNAMIC_NO_PIC = NO;
				GCC_OPTIMIZATION_LEVEL = 0;
				GCC_PREPROCESSOR_DEFINITIONS = (
					"DEBUG=1",
					"$(inherited)",
				);
				GCC_SYMBOLS_PRIVATE_EXTERN = NO;
				GCC_WARN_64_TO_32_BIT_CONVERSION = YES;
				GCC_WARN_ABOUT_RETURN_TYPE = YES_ERROR;
				GCC_WARN_UNDECLARED_SELECTOR = YES;
				GCC_WARN_UNINITIALIZED_AUTOS = YES_AGGRESSIVE;
				GCC_WARN_UNUSED_FUNCTION = YES;
				GCC_WARN_UNUSED_VARIABLE = YES;
				IPHONEOS_DEPLOYMENT_TARGET = 8.1;
				MTL_ENABLE_DEBUG_INFO = YES;
				ONLY_ACTIVE_ARCH = YES;
				SDKROOT = iphoneos;
				SWIFT_OPTIMIZATION_LEVEL = "-Onone";
				TARGETED_DEVICE_FAMILY = "1,2";
			};
			name = Debug;
		};
		4D9CAA2B1A1A21060042F402 /* Release */ = {
			isa = XCBuildConfiguration;
			buildSettings = {
				ALWAYS_SEARCH_USER_PATHS = NO;
				CLANG_CXX_LANGUAGE_STANDARD = "gnu++0x";
				CLANG_CXX_LIBRARY = "libc++";
				CLANG_ENABLE_MODULES = YES;
				CLANG_ENABLE_OBJC_ARC = YES;
				CLANG_WARN_BOOL_CONVERSION = YES;
				CLANG_WARN_CONSTANT_CONVERSION = YES;
				CLANG_WARN_DIRECT_OBJC_ISA_USAGE = YES_ERROR;
				CLANG_WARN_EMPTY_BODY = YES;
				CLANG_WARN_ENUM_CONVERSION = YES;
				CLANG_WARN_INT_CONVERSION = YES;
				CLANG_WARN_OBJC_ROOT_CLASS = YES_ERROR;
				CLANG_WARN_UNREACHABLE_CODE = YES;
				CLANG_WARN__DUPLICATE_METHOD_MATCH = YES;
				"CODE_SIGN_IDENTITY[sdk=iphoneos*]" = "iPhone Developer";
				COPY_PHASE_STRIP = YES;
				ENABLE_NS_ASSERTIONS = NO;
				ENABLE_STRICT_OBJC_MSGSEND = YES;
				GCC_C_LANGUAGE_STANDARD = gnu99;
				GCC_WARN_64_TO_32_BIT_CONVERSION = YES;
				GCC_WARN_ABOUT_RETURN_TYPE = YES_ERROR;
				GCC_WARN_UNDECLARED_SELECTOR = YES;
				GCC_WARN_UNINITIALIZED_AUTOS = YES_AGGRESSIVE;
				GCC_WARN_UNUSED_FUNCTION = YES;
				GCC_WARN_UNUSED_VARIABLE = YES;
				IPHONEOS_DEPLOYMENT_TARGET = 8.1;
				MTL_ENABLE_DEBUG_INFO = NO;
				SDKROOT = iphoneos;
				TARGETED_DEVICE_FAMILY = "1,2";
				VALIDATE_PRODUCT = YES;
			};
			name = Release;
		};
		4D9CAA2D1A1A21060042F402 /* Debug */ = {
			isa = XCBuildConfiguration;
			buildSettings = {
				ASSETCATALOG_COMPILER_APPICON_NAME = AppIcon;
				ASSETCATALOG_COMPILER_LAUNCHIMAGE_NAME = LaunchImage;
				INFOPLIST_FILE = DeferredExample/Info.plist;
				IPHONEOS_DEPLOYMENT_TARGET = 7.0;
				LD_RUNPATH_SEARCH_PATHS = "$(inherited) @executable_path/Frameworks";
				PRODUCT_NAME = "$(TARGET_NAME)";
			};
			name = Debug;
		};
		4D9CAA2E1A1A21060042F402 /* Release */ = {
			isa = XCBuildConfiguration;
			buildSettings = {
				ASSETCATALOG_COMPILER_APPICON_NAME = AppIcon;
				ASSETCATALOG_COMPILER_LAUNCHIMAGE_NAME = LaunchImage;
				INFOPLIST_FILE = DeferredExample/Info.plist;
				IPHONEOS_DEPLOYMENT_TARGET = 7.0;
				LD_RUNPATH_SEARCH_PATHS = "$(inherited) @executable_path/Frameworks";
				PRODUCT_NAME = "$(TARGET_NAME)";
			};
			name = Release;
		};
		4D9CAA301A1A21060042F402 /* Debug */ = {
			isa = XCBuildConfiguration;
			buildSettings = {
				BUNDLE_LOADER = "$(TEST_HOST)";
				FRAMEWORK_SEARCH_PATHS = (
					"$(SDKROOT)/Developer/Library/Frameworks",
					"$(inherited)",
				);
				GCC_PREPROCESSOR_DEFINITIONS = (
					"DEBUG=1",
					"$(inherited)",
				);
				INFOPLIST_FILE = DeferredExampleTests/Info.plist;
				LD_RUNPATH_SEARCH_PATHS = "$(inherited) @executable_path/Frameworks @loader_path/Frameworks";
				PRODUCT_NAME = "$(TARGET_NAME)";
				TEST_HOST = "$(BUILT_PRODUCTS_DIR)/DeferredExample.app/DeferredExample";
			};
			name = Debug;
		};
		4D9CAA311A1A21060042F402 /* Release */ = {
			isa = XCBuildConfiguration;
			buildSettings = {
				BUNDLE_LOADER = "$(TEST_HOST)";
				FRAMEWORK_SEARCH_PATHS = (
					"$(SDKROOT)/Developer/Library/Frameworks",
					"$(inherited)",
				);
				INFOPLIST_FILE = DeferredExampleTests/Info.plist;
				LD_RUNPATH_SEARCH_PATHS = "$(inherited) @executable_path/Frameworks @loader_path/Frameworks";
				PRODUCT_NAME = "$(TARGET_NAME)";
				TEST_HOST = "$(BUILT_PRODUCTS_DIR)/DeferredExample.app/DeferredExample";
			};
			name = Release;
		};
/* End XCBuildConfiguration section */

/* Begin XCConfigurationList section */
		4D9CAA081A1A21060042F402 /* Build configuration list for PBXProject "DeferredExample" */ = {
			isa = XCConfigurationList;
			buildConfigurations = (
				4D9CAA2A1A1A21060042F402 /* Debug */,
				4D9CAA2B1A1A21060042F402 /* Release */,
			);
			defaultConfigurationIsVisible = 0;
			defaultConfigurationName = Release;
		};
		4D9CAA2C1A1A21060042F402 /* Build configuration list for PBXNativeTarget "DeferredExample" */ = {
			isa = XCConfigurationList;
			buildConfigurations = (
				4D9CAA2D1A1A21060042F402 /* Debug */,
				4D9CAA2E1A1A21060042F402 /* Release */,
			);
			defaultConfigurationIsVisible = 0;
			defaultConfigurationName = Release;
		};
		4D9CAA2F1A1A21060042F402 /* Build configuration list for PBXNativeTarget "DeferredExampleTests" */ = {
			isa = XCConfigurationList;
			buildConfigurations = (
				4D9CAA301A1A21060042F402 /* Debug */,
				4D9CAA311A1A21060042F402 /* Release */,
			);
			defaultConfigurationIsVisible = 0;
			defaultConfigurationName = Release;
		};
/* End XCConfigurationList section */
	};
	rootObject = 4D9CAA051A1A21060042F402 /* Project object */;
}
